
Microsoft Visual Studio Solution File, Format Version 12.00
# Visual Studio 15
VisualStudioVersion = 15.0.28307.438
MinimumVisualStudioVersion = 10.0.40219.1
Project("{9A19103F-16F7-4668-BE54-9A1E7A4F7556}") = "netcore2heroku", "netcore2heroku\netcore2heroku.csproj", "{6EC9DCA6-BB18-4F08-B75A-4F6ECFDED609}"
EndProject
Global
	GlobalSection(SolutionConfigurationPlatforms) = preSolution
		Debug|Any CPU = Debug|Any CPU
		Release|Any CPU = Release|Any CPU
	EndGlobalSection
	GlobalSection(ProjectConfigurationPlatforms) = postSolution
		{6EC9DCA6-BB18-4F08-B75A-4F6ECFDED609}.Debug|Any CPU.ActiveCfg = Debug|Any CPU
		{6EC9DCA6-BB18-4F08-B75A-4F6ECFDED609}.Debug|Any CPU.Build.0 = Debug|Any CPU
		{6EC9DCA6-BB18-4F08-B75A-4F6ECFDED609}.Release|Any CPU.ActiveCfg = Release|Any CPU
		{6EC9DCA6-BB18-4F08-B75A-4F6ECFDED609}.Release|Any CPU.Build.0 = Release|Any CPU
	EndGlobalSection
	GlobalSection(SolutionProperties) = preSolution
		HideSolutionNode = FALSE
	EndGlobalSection
	GlobalSection(ExtensibilityGlobals) = postSolution
		SolutionGuid = {6BAB8C1A-15DB-4782-8315-A5AB2C212D41}
	EndGlobalSection
EndGlobal
